// !$*UTF8*$!
{
	archiveVersion = 1;
	classes = {
	};
	objectVersion = 46;
	objects = {

/* Begin PBXBuildFile section */
		DB3A75C81F77800A00697DA5 /* TripsVeritcalLineDecoratorView.swift in Sources */ = {isa = PBXBuildFile; fileRef = DB3A75C71F77800A00697DA5 /* TripsVeritcalLineDecoratorView.swift */; };
		DB3A75CA1F77838B00697DA5 /* TripsDotDecoratorView.swift in Sources */ = {isa = PBXBuildFile; fileRef = DB3A75C91F77838B00697DA5 /* TripsDotDecoratorView.swift */; };
		DB3A75CC1F77864E00697DA5 /* TripsCollectionViewLayout.swift in Sources */ = {isa = PBXBuildFile; fileRef = DB3A75CB1F77864E00697DA5 /* TripsCollectionViewLayout.swift */; };
		DB4A9C631F79F884002B308C /* SearchResultsTableViewCell.swift in Sources */ = {isa = PBXBuildFile; fileRef = DB4A9C621F79F884002B308C /* SearchResultsTableViewCell.swift */; };
		DB4A9C651F79F979002B308C /* SearchResultsCollectionViewLayout.swift in Sources */ = {isa = PBXBuildFile; fileRef = DB4A9C641F79F979002B308C /* SearchResultsCollectionViewLayout.swift */; };
		DB4A9C671F79F9E9002B308C /* SearchResultsCollectionViewCell.swift in Sources */ = {isa = PBXBuildFile; fileRef = DB4A9C661F79F9E9002B308C /* SearchResultsCollectionViewCell.swift */; };
		DB4A9C691F7A0227002B308C /* SearchResultsTableViewController.swift in Sources */ = {isa = PBXBuildFile; fileRef = DB4A9C681F7A0227002B308C /* SearchResultsTableViewController.swift */; };
		DB6C5FE81F7788D700F1D376 /* TripsCollectionViewCell.swift in Sources */ = {isa = PBXBuildFile; fileRef = DB6C5FE71F7788D700F1D376 /* TripsCollectionViewCell.swift */; };
		DB6C5FEA1F778FA900F1D376 /* TripsCollectionHeaderView.swift in Sources */ = {isa = PBXBuildFile; fileRef = DB6C5FE91F778FA900F1D376 /* TripsCollectionHeaderView.swift */; };
		DB6C5FEC1F77A30C00F1D376 /* TripsDataLoader.swift in Sources */ = {isa = PBXBuildFile; fileRef = DB6C5FEB1F77A30C00F1D376 /* TripsDataLoader.swift */; };
		DBECDEDF1F6B9C5F00014906 /* AppDelegate.swift in Sources */ = {isa = PBXBuildFile; fileRef = DBECDEDE1F6B9C5F00014906 /* AppDelegate.swift */; };
		DBECDEE11F6B9C5F00014906 /* ExploreTableViewController.swift in Sources */ = {isa = PBXBuildFile; fileRef = DBECDEE01F6B9C5F00014906 /* ExploreTableViewController.swift */; };
		DBECDEE31F6B9C5F00014906 /* TripsViewController.swift in Sources */ = {isa = PBXBuildFile; fileRef = DBECDEE21F6B9C5F00014906 /* TripsViewController.swift */; };
		DBECDEE61F6B9C5F00014906 /* Main.storyboard in Resources */ = {isa = PBXBuildFile; fileRef = DBECDEE41F6B9C5F00014906 /* Main.storyboard */; };
		DBECDEE81F6B9C5F00014906 /* Assets.xcassets in Resources */ = {isa = PBXBuildFile; fileRef = DBECDEE71F6B9C5F00014906 /* Assets.xcassets */; };
		DBECDEEB1F6B9C5F00014906 /* LaunchScreen.storyboard in Resources */ = {isa = PBXBuildFile; fileRef = DBECDEE91F6B9C5F00014906 /* LaunchScreen.storyboard */; };
		DBECDEF31F6BBB2100014906 /* ExploreTableViewCell.swift in Sources */ = {isa = PBXBuildFile; fileRef = DBECDEF21F6BBB2100014906 /* ExploreTableViewCell.swift */; };
		DBECDEF51F6BBB8100014906 /* ExploreTableViewSectionHeaderView.swift in Sources */ = {isa = PBXBuildFile; fileRef = DBECDEF41F6BBB8100014906 /* ExploreTableViewSectionHeaderView.swift */; };
		DBECDEF71F6C4BCD00014906 /* ExperiencesService.swift in Sources */ = {isa = PBXBuildFile; fileRef = DBECDEF61F6C4BCD00014906 /* ExperiencesService.swift */; };
		DBECDEF91F6C4BFD00014906 /* BaseService.swift in Sources */ = {isa = PBXBuildFile; fileRef = DBECDEF81F6C4BFD00014906 /* BaseService.swift */; };
		DBECDEFB1F6C655100014906 /* Experience.swift in Sources */ = {isa = PBXBuildFile; fileRef = DBECDEFA1F6C655100014906 /* Experience.swift */; };
		DBECDEFD1F6C675800014906 /* ExperienceType.swift in Sources */ = {isa = PBXBuildFile; fileRef = DBECDEFC1F6C675800014906 /* ExperienceType.swift */; };
		DBECDEFF1F6C6B9E00014906 /* ExploreTableViewDataLoader.swift in Sources */ = {isa = PBXBuildFile; fileRef = DBECDEFE1F6C6B9E00014906 /* ExploreTableViewDataLoader.swift */; };
		DBECDF011F6C883500014906 /* ExploreCollectionViewCell.swift in Sources */ = {isa = PBXBuildFile; fileRef = DBECDF001F6C883500014906 /* ExploreCollectionViewCell.swift */; };
		DBECDF031F6C90ED00014906 /* ExploreTableHeaderView.swift in Sources */ = {isa = PBXBuildFile; fileRef = DBECDF021F6C90ED00014906 /* ExploreTableHeaderView.swift */; };
/* End PBXBuildFile section */

/* Begin PBXFileReference section */
		DB3A75C71F77800A00697DA5 /* TripsVeritcalLineDecoratorView.swift */ = {isa = PBXFileReference; lastKnownFileType = sourcecode.swift; path = TripsVeritcalLineDecoratorView.swift; sourceTree = "<group>"; };
		DB3A75C91F77838B00697DA5 /* TripsDotDecoratorView.swift */ = {isa = PBXFileReference; lastKnownFileType = sourcecode.swift; path = TripsDotDecoratorView.swift; sourceTree = "<group>"; };
		DB3A75CB1F77864E00697DA5 /* TripsCollectionViewLayout.swift */ = {isa = PBXFileReference; lastKnownFileType = sourcecode.swift; path = TripsCollectionViewLayout.swift; sourceTree = "<group>"; };
		DB4A9C621F79F884002B308C /* SearchResultsTableViewCell.swift */ = {isa = PBXFileReference; lastKnownFileType = sourcecode.swift; path = SearchResultsTableViewCell.swift; sourceTree = "<group>"; };
		DB4A9C641F79F979002B308C /* SearchResultsCollectionViewLayout.swift */ = {isa = PBXFileReference; lastKnownFileType = sourcecode.swift; path = SearchResultsCollectionViewLayout.swift; sourceTree = "<group>"; };
		DB4A9C661F79F9E9002B308C /* SearchResultsCollectionViewCell.swift */ = {isa = PBXFileReference; lastKnownFileType = sourcecode.swift; path = SearchResultsCollectionViewCell.swift; sourceTree = "<group>"; };
		DB4A9C681F7A0227002B308C /* SearchResultsTableViewController.swift */ = {isa = PBXFileReference; lastKnownFileType = sourcecode.swift; path = SearchResultsTableViewController.swift; sourceTree = "<group>"; };
		DB6C5FE71F7788D700F1D376 /* TripsCollectionViewCell.swift */ = {isa = PBXFileReference; lastKnownFileType = sourcecode.swift; path = TripsCollectionViewCell.swift; sourceTree = "<group>"; };
		DB6C5FE91F778FA900F1D376 /* TripsCollectionHeaderView.swift */ = {isa = PBXFileReference; lastKnownFileType = sourcecode.swift; path = TripsCollectionHeaderView.swift; sourceTree = "<group>"; };
		DB6C5FEB1F77A30C00F1D376 /* TripsDataLoader.swift */ = {isa = PBXFileReference; lastKnownFileType = sourcecode.swift; path = TripsDataLoader.swift; sourceTree = "<group>"; };
		DBECDEDB1F6B9C5F00014906 /* TabXP.app */ = {isa = PBXFileReference; explicitFileType = wrapper.application; includeInIndex = 0; path = TabXP.app; sourceTree = BUILT_PRODUCTS_DIR; };
		DBECDEDE1F6B9C5F00014906 /* AppDelegate.swift */ = {isa = PBXFileReference; lastKnownFileType = sourcecode.swift; path = AppDelegate.swift; sourceTree = "<group>"; };
		DBECDEE01F6B9C5F00014906 /* ExploreTableViewController.swift */ = {isa = PBXFileReference; lastKnownFileType = sourcecode.swift; path = ExploreTableViewController.swift; sourceTree = "<group>"; };
		DBECDEE21F6B9C5F00014906 /* TripsViewController.swift */ = {isa = PBXFileReference; lastKnownFileType = sourcecode.swift; path = TripsViewController.swift; sourceTree = "<group>"; };
		DBECDEE51F6B9C5F00014906 /* Base */ = {isa = PBXFileReference; lastKnownFileType = file.storyboard; name = Base; path = Base.lproj/Main.storyboard; sourceTree = "<group>"; };
		DBECDEE71F6B9C5F00014906 /* Assets.xcassets */ = {isa = PBXFileReference; lastKnownFileType = folder.assetcatalog; path = Assets.xcassets; sourceTree = "<group>"; };
		DBECDEEA1F6B9C5F00014906 /* Base */ = {isa = PBXFileReference; lastKnownFileType = file.storyboard; name = Base; path = Base.lproj/LaunchScreen.storyboard; sourceTree = "<group>"; };
		DBECDEEC1F6B9C5F00014906 /* Info.plist */ = {isa = PBXFileReference; lastKnownFileType = text.plist.xml; path = Info.plist; sourceTree = "<group>"; };
		DBECDEF21F6BBB2100014906 /* ExploreTableViewCell.swift */ = {isa = PBXFileReference; fileEncoding = 4; lastKnownFileType = sourcecode.swift; path = ExploreTableViewCell.swift; sourceTree = "<group>"; };
		DBECDEF41F6BBB8100014906 /* ExploreTableViewSectionHeaderView.swift */ = {isa = PBXFileReference; fileEncoding = 4; lastKnownFileType = sourcecode.swift; path = ExploreTableViewSectionHeaderView.swift; sourceTree = "<group>"; };
		DBECDEF61F6C4BCD00014906 /* ExperiencesService.swift */ = {isa = PBXFileReference; fileEncoding = 4; lastKnownFileType = sourcecode.swift; path = ExperiencesService.swift; sourceTree = "<group>"; };
		DBECDEF81F6C4BFD00014906 /* BaseService.swift */ = {isa = PBXFileReference; fileEncoding = 4; lastKnownFileType = sourcecode.swift; path = BaseService.swift; sourceTree = "<group>"; };
		DBECDEFA1F6C655100014906 /* Experience.swift */ = {isa = PBXFileReference; fileEncoding = 4; lastKnownFileType = sourcecode.swift; path = Experience.swift; sourceTree = "<group>"; };
		DBECDEFC1F6C675800014906 /* ExperienceType.swift */ = {isa = PBXFileReference; fileEncoding = 4; lastKnownFileType = sourcecode.swift; path = ExperienceType.swift; sourceTree = "<group>"; };
		DBECDEFE1F6C6B9E00014906 /* ExploreTableViewDataLoader.swift */ = {isa = PBXFileReference; fileEncoding = 4; lastKnownFileType = sourcecode.swift; path = ExploreTableViewDataLoader.swift; sourceTree = "<group>"; };
		DBECDF001F6C883500014906 /* ExploreCollectionViewCell.swift */ = {isa = PBXFileReference; fileEncoding = 4; lastKnownFileType = sourcecode.swift; path = ExploreCollectionViewCell.swift; sourceTree = "<group>"; };
		DBECDF021F6C90ED00014906 /* ExploreTableHeaderView.swift */ = {isa = PBXFileReference; fileEncoding = 4; lastKnownFileType = sourcecode.swift; path = ExploreTableHeaderView.swift; sourceTree = "<group>"; };
/* End PBXFileReference section */

/* Begin PBXFrameworksBuildPhase section */
		DBECDED81F6B9C5F00014906 /* Frameworks */ = {
			isa = PBXFrameworksBuildPhase;
			buildActionMask = 2147483647;
			files = (
			);
			runOnlyForDeploymentPostprocessing = 0;
		};
/* End PBXFrameworksBuildPhase section */

/* Begin PBXGroup section */
		DB4A9C601F79F829002B308C /* Search */ = {
			isa = PBXGroup;
			children = (
				DB4A9C621F79F884002B308C /* SearchResultsTableViewCell.swift */,
				DB4A9C661F79F9E9002B308C /* SearchResultsCollectionViewCell.swift */,
				DB4A9C641F79F979002B308C /* SearchResultsCollectionViewLayout.swift */,
				DB4A9C681F7A0227002B308C /* SearchResultsTableViewController.swift */,
			);
			path = Search;
			sourceTree = "<group>";
		};
		DB4A9C611F79F835002B308C /* Explore */ = {
			isa = PBXGroup;
			children = (
				DBECDEE01F6B9C5F00014906 /* ExploreTableViewController.swift */,
				DBECDF021F6C90ED00014906 /* ExploreTableHeaderView.swift */,
				DBECDEFE1F6C6B9E00014906 /* ExploreTableViewDataLoader.swift */,
				DBECDEF21F6BBB2100014906 /* ExploreTableViewCell.swift */,
				DBECDF001F6C883500014906 /* ExploreCollectionViewCell.swift */,
				DBECDEF41F6BBB8100014906 /* ExploreTableViewSectionHeaderView.swift */,
			);
			name = Explore;
			sourceTree = "<group>";
		};
		DB6C5FED1F78A51D00F1D376 /* Trips */ = {
			isa = PBXGroup;
			children = (
				DBECDEE21F6B9C5F00014906 /* TripsViewController.swift */,
				DB6C5FEB1F77A30C00F1D376 /* TripsDataLoader.swift */,
				DB6C5FE71F7788D700F1D376 /* TripsCollectionViewCell.swift */,
				DB6C5FE91F778FA900F1D376 /* TripsCollectionHeaderView.swift */,
				DB3A75C71F77800A00697DA5 /* TripsVeritcalLineDecoratorView.swift */,
				DB3A75C91F77838B00697DA5 /* TripsDotDecoratorView.swift */,
				DB3A75CB1F77864E00697DA5 /* TripsCollectionViewLayout.swift */,
			);
			path = Trips;
			sourceTree = "<group>";
		};
		DBECDED21F6B9C5F00014906 = {
			isa = PBXGroup;
			children = (
				DBECDEDD1F6B9C5F00014906 /* TabXP */,
				DBECDEDC1F6B9C5F00014906 /* Products */,
			);
			sourceTree = "<group>";
		};
		DBECDEDC1F6B9C5F00014906 /* Products */ = {
			isa = PBXGroup;
			children = (
				DBECDEDB1F6B9C5F00014906 /* TabXP.app */,
			);
			name = Products;
			sourceTree = "<group>";
		};
		DBECDEDD1F6B9C5F00014906 /* TabXP */ = {
			isa = PBXGroup;
			children = (
				DBECDEDE1F6B9C5F00014906 /* AppDelegate.swift */,
				DB4A9C611F79F835002B308C /* Explore */,
				DB4A9C601F79F829002B308C /* Search */,
				DB6C5FED1F78A51D00F1D376 /* Trips */,
				DBECDEE41F6B9C5F00014906 /* Main.storyboard */,
				DBECDEE71F6B9C5F00014906 /* Assets.xcassets */,
				DBECDEE91F6B9C5F00014906 /* LaunchScreen.storyboard */,
				DBECDEEC1F6B9C5F00014906 /* Info.plist */,
				DBECDEFA1F6C655100014906 /* Experience.swift */,
				DBECDEFC1F6C675800014906 /* ExperienceType.swift */,
				DBECDEF61F6C4BCD00014906 /* ExperiencesService.swift */,
				DBECDEF81F6C4BFD00014906 /* BaseService.swift */,
			);
			path = TabXP;
			sourceTree = "<group>";
		};
/* End PBXGroup section */

/* Begin PBXNativeTarget section */
		DBECDEDA1F6B9C5F00014906 /* TabXP */ = {
			isa = PBXNativeTarget;
			buildConfigurationList = DBECDEEF1F6B9C5F00014906 /* Build configuration list for PBXNativeTarget "TabXP" */;
			buildPhases = (
				DBECDED71F6B9C5F00014906 /* Sources */,
				DBECDED81F6B9C5F00014906 /* Frameworks */,
				DBECDED91F6B9C5F00014906 /* Resources */,
			);
			buildRules = (
			);
			dependencies = (
			);
			name = TabXP;
			productName = TabXP;
			productReference = DBECDEDB1F6B9C5F00014906 /* TabXP.app */;
			productType = "com.apple.product-type.application";
		};
/* End PBXNativeTarget section */

/* Begin PBXProject section */
		DBECDED31F6B9C5F00014906 /* Project object */ = {
			isa = PBXProject;
			attributes = {
				LastSwiftUpdateCheck = 0830;
				LastUpgradeCheck = 0830;
				ORGANIZATIONNAME = HashMap;
				TargetAttributes = {
					DBECDEDA1F6B9C5F00014906 = {
						CreatedOnToolsVersion = 8.3.3;
						DevelopmentTeam = 86F7Y88BZA;
						ProvisioningStyle = Automatic;
					};
				};
			};
			buildConfigurationList = DBECDED61F6B9C5F00014906 /* Build configuration list for PBXProject "TabXP" */;
			compatibilityVersion = "Xcode 3.2";
			developmentRegion = English;
			hasScannedForEncodings = 0;
			knownRegions = (
				en,
				Base,
			);
			mainGroup = DBECDED21F6B9C5F00014906;
			productRefGroup = DBECDEDC1F6B9C5F00014906 /* Products */;
			projectDirPath = "";
			projectRoot = "";
			targets = (
				DBECDEDA1F6B9C5F00014906 /* TabXP */,
			);
		};
/* End PBXProject section */

/* Begin PBXResourcesBuildPhase section */
		DBECDED91F6B9C5F00014906 /* Resources */ = {
			isa = PBXResourcesBuildPhase;
			buildActionMask = 2147483647;
			files = (
				DBECDEEB1F6B9C5F00014906 /* LaunchScreen.storyboard in Resources */,
				DBECDEE81F6B9C5F00014906 /* Assets.xcassets in Resources */,
				DBECDEE61F6B9C5F00014906 /* Main.storyboard in Resources */,
			);
			runOnlyForDeploymentPostprocessing = 0;
		};
/* End PBXResourcesBuildPhase section */

/* Begin PBXSourcesBuildPhase section */
		DBECDED71F6B9C5F00014906 /* Sources */ = {
			isa = PBXSourcesBuildPhase;
			buildActionMask = 2147483647;
			files = (
				DBECDEE31F6B9C5F00014906 /* TripsViewController.swift in Sources */,
				DB6C5FE81F7788D700F1D376 /* TripsCollectionViewCell.swift in Sources */,
				DBECDEDF1F6B9C5F00014906 /* AppDelegate.swift in Sources */,
				DBECDEFF1F6C6B9E00014906 /* ExploreTableViewDataLoader.swift in Sources */,
				DB4A9C671F79F9E9002B308C /* SearchResultsCollectionViewCell.swift in Sources */,
				DB3A75C81F77800A00697DA5 /* TripsVeritcalLineDecoratorView.swift in Sources */,
				DBECDEE11F6B9C5F00014906 /* ExploreTableViewController.swift in Sources */,
				DB6C5FEA1F778FA900F1D376 /* TripsCollectionHeaderView.swift in Sources */,
				DB4A9C651F79F979002B308C /* SearchResultsCollectionViewLayout.swift in Sources */,
				DBECDEF31F6BBB2100014906 /* ExploreTableViewCell.swift in Sources */,
				DBECDEF91F6C4BFD00014906 /* BaseService.swift in Sources */,
				DB4A9C631F79F884002B308C /* SearchResultsTableViewCell.swift in Sources */,
				DB4A9C691F7A0227002B308C /* SearchResultsTableViewController.swift in Sources */,
				DB3A75CA1F77838B00697DA5 /* TripsDotDecoratorView.swift in Sources */,
				DBECDEF71F6C4BCD00014906 /* ExperiencesService.swift in Sources */,
				DB6C5FEC1F77A30C00F1D376 /* TripsDataLoader.swift in Sources */,
				DBECDF011F6C883500014906 /* ExploreCollectionViewCell.swift in Sources */,
				DB3A75CC1F77864E00697DA5 /* TripsCollectionViewLayout.swift in Sources */,
				DBECDEFB1F6C655100014906 /* Experience.swift in Sources */,
				DBECDEF51F6BBB8100014906 /* ExploreTableViewSectionHeaderView.swift in Sources */,
				DBECDF031F6C90ED00014906 /* ExploreTableHeaderView.swift in Sources */,
				DBECDEFD1F6C675800014906 /* ExperienceType.swift in Sources */,
			);
			runOnlyForDeploymentPostprocessing = 0;
		};
/* End PBXSourcesBuildPhase section */

/* Begin PBXVariantGroup section */
		DBECDEE41F6B9C5F00014906 /* Main.storyboard */ = {
			isa = PBXVariantGroup;
			children = (
				DBECDEE51F6B9C5F00014906 /* Base */,
			);
			name = Main.storyboard;
			sourceTree = "<group>";
		};
		DBECDEE91F6B9C5F00014906 /* LaunchScreen.storyboard */ = {
			isa = PBXVariantGroup;
			children = (
				DBECDEEA1F6B9C5F00014906 /* Base */,
			);
			name = LaunchScreen.storyboard;
			sourceTree = "<group>";
		};
/* End PBXVariantGroup section */

/* Begin XCBuildConfiguration section */
		DBECDEED1F6B9C5F00014906 /* Debug */ = {
			isa = XCBuildConfiguration;
			buildSettings = {
				ALWAYS_SEARCH_USER_PATHS = NO;
				CLANG_ANALYZER_NONNULL = YES;
				CLANG_ANALYZER_NUMBER_OBJECT_CONVERSION = YES_AGGRESSIVE;
				CLANG_CXX_LANGUAGE_STANDARD = "gnu++0x";
				CLANG_CXX_LIBRARY = "libc++";
				CLANG_ENABLE_MODULES = YES;
				CLANG_ENABLE_OBJC_ARC = YES;
				CLANG_WARN_BOOL_CONVERSION = YES;
				CLANG_WARN_CONSTANT_CONVERSION = YES;
				CLANG_WARN_DIRECT_OBJC_ISA_USAGE = YES_ERROR;
				CLANG_WARN_DOCUMENTATION_COMMENTS = YES;
				CLANG_WARN_EMPTY_BODY = YES;
				CLANG_WARN_ENUM_CONVERSION = YES;
				CLANG_WARN_INFINITE_RECURSION = YES;
				CLANG_WARN_INT_CONVERSION = YES;
				CLANG_WARN_OBJC_ROOT_CLASS = YES_ERROR;
				CLANG_WARN_SUSPICIOUS_MOVE = YES;
				CLANG_WARN_UNREACHABLE_CODE = YES;
				CLANG_WARN__DUPLICATE_METHOD_MATCH = YES;
				"CODE_SIGN_IDENTITY[sdk=iphoneos*]" = "iPhone Developer";
				COPY_PHASE_STRIP = NO;
				DEBUG_INFORMATION_FORMAT = dwarf;
				ENABLE_STRICT_OBJC_MSGSEND = YES;
				ENABLE_TESTABILITY = YES;
				GCC_C_LANGUAGE_STANDARD = gnu99;
				GCC_DYNAMIC_NO_PIC = NO;
				GCC_NO_COMMON_BLOCKS = YES;
				GCC_OPTIMIZATION_LEVEL = 0;
				GCC_PREPROCESSOR_DEFINITIONS = (
					"DEBUG=1",
					"$(inherited)",
				);
				GCC_WARN_64_TO_32_BIT_CONVERSION = YES;
				GCC_WARN_ABOUT_RETURN_TYPE = YES_ERROR;
				GCC_WARN_UNDECLARED_SELECTOR = YES;
				GCC_WARN_UNINITIALIZED_AUTOS = YES_AGGRESSIVE;
				GCC_WARN_UNUSED_FUNCTION = YES;
				GCC_WARN_UNUSED_VARIABLE = YES;
				IPHONEOS_DEPLOYMENT_TARGET = 10.3;
				MTL_ENABLE_DEBUG_INFO = YES;
				ONLY_ACTIVE_ARCH = YES;
				SDKROOT = iphoneos;
				SWIFT_ACTIVE_COMPILATION_CONDITIONS = DEBUG;
				SWIFT_OPTIMIZATION_LEVEL = "-Onone";
			};
			name = Debug;
		};
		DBECDEEE1F6B9C5F00014906 /* Release */ = {
			isa = XCBuildConfiguration;
			buildSettings = {
				ALWAYS_SEARCH_USER_PATHS = NO;
				CLANG_ANALYZER_NONNULL = YES;
				CLANG_ANALYZER_NUMBER_OBJECT_CONVERSION = YES_AGGRESSIVE;
				CLANG_CXX_LANGUAGE_STANDARD = "gnu++0x";
				CLANG_CXX_LIBRARY = "libc++";
				CLANG_ENABLE_MODULES = YES;
				CLANG_ENABLE_OBJC_ARC = YES;
				CLANG_WARN_BOOL_CONVERSION = YES;
				CLANG_WARN_CONSTANT_CONVERSION = YES;
				CLANG_WARN_DIRECT_OBJC_ISA_USAGE = YES_ERROR;
				CLANG_WARN_DOCUMENTATION_COMMENTS = YES;
				CLANG_WARN_EMPTY_BODY = YES;
				CLANG_WARN_ENUM_CONVERSION = YES;
				CLANG_WARN_INFINITE_RECURSION = YES;
				CLANG_WARN_INT_CONVERSION = YES;
				CLANG_WARN_OBJC_ROOT_CLASS = YES_ERROR;
				CLANG_WARN_SUSPICIOUS_MOVE = YES;
				CLANG_WARN_UNREACHABLE_CODE = YES;
				CLANG_WARN__DUPLICATE_METHOD_MATCH = YES;
				"CODE_SIGN_IDENTITY[sdk=iphoneos*]" = "iPhone Developer";
				COPY_PHASE_STRIP = NO;
				DEBUG_INFORMATION_FORMAT = "dwarf-with-dsym";
				ENABLE_NS_ASSERTIONS = NO;
				ENABLE_STRICT_OBJC_MSGSEND = YES;
				GCC_C_LANGUAGE_STANDARD = gnu99;
				GCC_NO_COMMON_BLOCKS = YES;
				GCC_WARN_64_TO_32_BIT_CONVERSION = YES;
				GCC_WARN_ABOUT_RETURN_TYPE = YES_ERROR;
				GCC_WARN_UNDECLARED_SELECTOR = YES;
				GCC_WARN_UNINITIALIZED_AUTOS = YES_AGGRESSIVE;
				GCC_WARN_UNUSED_FUNCTION = YES;
				GCC_WARN_UNUSED_VARIABLE = YES;
				IPHONEOS_DEPLOYMENT_TARGET = 10.3;
				MTL_ENABLE_DEBUG_INFO = NO;
				SDKROOT = iphoneos;
				SWIFT_OPTIMIZATION_LEVEL = "-Owholemodule";
				VALIDATE_PRODUCT = YES;
			};
			name = Release;
		};
		DBECDEF01F6B9C5F00014906 /* Debug */ = {
			isa = XCBuildConfiguration;
			buildSettings = {
				ASSETCATALOG_COMPILER_APPICON_NAME = AppIcon;
				DEVELOPMENT_TEAM = 86F7Y88BZA;
				INFOPLIST_FILE = TabXP/Info.plist;
				LD_RUNPATH_SEARCH_PATHS = "$(inherited) @executable_path/Frameworks";
				PRODUCT_BUNDLE_IDENTIFIER = com.array.TabXP;
				PRODUCT_NAME = "$(TARGET_NAME)";
				SWIFT_VERSION = 3.0;
			};
			name = Debug;
		};
		DBECDEF11F6B9C5F00014906 /* Release */ = {
			isa = XCBuildConfiguration;
			buildSettings = {
				ASSETCATALOG_COMPILER_APPICON_NAME = AppIcon;
				DEVELOPMENT_TEAM = 86F7Y88BZA;
				INFOPLIST_FILE = TabXP/Info.plist;
				LD_RUNPATH_SEARCH_PATHS = "$(inherited) @executable_path/Frameworks";
				PRODUCT_BUNDLE_IDENTIFIER = com.array.TabXP;
				PRODUCT_NAME = "$(TARGET_NAME)";
				SWIFT_VERSION = 3.0;
			};
			name = Release;
		};
/* End XCBuildConfiguration section */

/* Begin XCConfigurationList section */
		DBECDED61F6B9C5F00014906 /* Build configuration list for PBXProject "TabXP" */ = {
			isa = XCConfigurationList;
			buildConfigurations = (
				DBECDEED1F6B9C5F00014906 /* Debug */,
				DBECDEEE1F6B9C5F00014906 /* Release */,
			);
			defaultConfigurationIsVisible = 0;
			defaultConfigurationName = Release;
		};
		DBECDEEF1F6B9C5F00014906 /* Build configuration list for PBXNativeTarget "TabXP" */ = {
			isa = XCConfigurationList;
			buildConfigurations = (
				DBECDEF01F6B9C5F00014906 /* Debug */,
				DBECDEF11F6B9C5F00014906 /* Release */,
			);
			defaultConfigurationIsVisible = 0;
			defaultConfigurationName = Release;
		};
/* End XCConfigurationList section */
	};
	rootObject = DBECDED31F6B9C5F00014906 /* Project object */;
}
